
Microsoft Visual Studio Solution File, Format Version 12.00
# Visual Studio Version 17
VisualStudioVersion = 17.8.34322.80
MinimumVisualStudioVersion = 10.0.40219.1
Project("{FAE04EC0-301F-11D3-BF4B-00C04F79EFBC}") = "Gavdari_Mahdi_8", "Gavdari_Mahdi_8\Gavdari_Mahdi_8.csproj", "{12DD0EA9-C131-4DB4-A1EC-9749150D1604}"
EndProject
Global
	GlobalSection(SolutionConfigurationPlatforms) = preSolution
		Debug|Any CPU = Debug|Any CPU
		Release|Any CPU = Release|Any CPU
	EndGlobalSection
	GlobalSection(ProjectConfigurationPlatforms) = postSolution
		{12DD0EA9-C131-4DB4-A1EC-9749150D1604}.Debug|Any CPU.ActiveCfg = Debug|Any CPU
		{12DD0EA9-C131-4DB4-A1EC-9749150D1604}.Debug|Any CPU.Build.0 = Debug|Any CPU
		{12DD0EA9-C131-4DB4-A1EC-9749150D1604}.Release|Any CPU.ActiveCfg = Release|Any CPU
		{12DD0EA9-C131-4DB4-A1EC-9749150D1604}.Release|Any CPU.Build.0 = Release|Any CPU
	EndGlobalSection
	GlobalSection(SolutionProperties) = preSolution
		HideSolutionNode = FALSE
	EndGlobalSection
	GlobalSection(ExtensibilityGlobals) = postSolution
		SolutionGuid = {52C79FD2-3697-42FF-A148-73229E88F4C9}
	EndGlobalSection
EndGlobal
